
Microsoft Visual Studio Solution File, Format Version 12.00
# Visual Studio Version 16
VisualStudioVersion = 16.0.30517.126
MinimumVisualStudioVersion = 10.0.40219.1
Project("{FAE04EC0-301F-11D3-BF4B-00C04F79EFBC}") = "WebApplication12", "WebApplication12.csproj", "{FA45A378-1CE8-4E39-B6E7-5EBFECA4ADEC}"
EndProject
Global
	GlobalSection(SolutionConfigurationPlatforms) = preSolution
		Debug|Any CPU = Debug|Any CPU
		Release|Any CPU = Release|Any CPU
	EndGlobalSection
	GlobalSection(ProjectConfigurationPlatforms) = postSolution
		{FA45A378-1CE8-4E39-B6E7-5EBFECA4ADEC}.Debug|Any CPU.ActiveCfg = Debug|Any CPU
		{FA45A378-1CE8-4E39-B6E7-5EBFECA4ADEC}.Debug|Any CPU.Build.0 = Debug|Any CPU
		{FA45A378-1CE8-4E39-B6E7-5EBFECA4ADEC}.Release|Any CPU.ActiveCfg = Release|Any CPU
		{FA45A378-1CE8-4E39-B6E7-5EBFECA4ADEC}.Release|Any CPU.Build.0 = Release|Any CPU
	EndGlobalSection
	GlobalSection(SolutionProperties) = preSolution
		HideSolutionNode = FALSE
	EndGlobalSection
	GlobalSection(ExtensibilityGlobals) = postSolution
		SolutionGuid = {1E30E72A-6347-429E-B4A2-A1CC1DB645D2}
	EndGlobalSection
EndGlobal
